
Microsoft Visual Studio Solution File, Format Version 12.00
# Visual Studio Version 17
VisualStudioVersion = 17.11.35222.181
MinimumVisualStudioVersion = 10.0.40219.1
Project("{9A19103F-16F7-4668-BE54-9A1E7A4F7556}") = "KTPO4311.Burakshaev.UnitTest", "KTPO4310.Burakshaev.UnitTest\KTPO4311.Burakshaev.UnitTest.csproj", "{156379BE-ED87-4AEE-ADB5-31C3DB83CCC8}"
EndProject
Project("{9A19103F-16F7-4668-BE54-9A1E7A4F7556}") = "KTPO4311.Burakshaev.Lib", "KTPO4311.Burakshaev.Lib\KTPO4311.Burakshaev.Lib.csproj", "{D22363F1-4FA9-462E-9468-435091CFAF14}"
EndProject
Project("{FAE04EC0-301F-11D3-BF4B-00C04F79EFBC}") = "KTPO4311.Burakshaev.Service", "KTPO4311.Burakshaev.Service\KTPO4311.Burakshaev.Service.csproj", "{CC792116-F9E9-4FC3-AC65-5A61BCED927A}"
EndProject
Global
	GlobalSection(SolutionConfigurationPlatforms) = preSolution
		Debug|Any CPU = Debug|Any CPU
		Release|Any CPU = Release|Any CPU
	EndGlobalSection
	GlobalSection(ProjectConfigurationPlatforms) = postSolution
		{156379BE-ED87-4AEE-ADB5-31C3DB83CCC8}.Debug|Any CPU.ActiveCfg = Debug|Any CPU
		{156379BE-ED87-4AEE-ADB5-31C3DB83CCC8}.Debug|Any CPU.Build.0 = Debug|Any CPU
		{156379BE-ED87-4AEE-ADB5-31C3DB83CCC8}.Release|Any CPU.ActiveCfg = Release|Any CPU
		{156379BE-ED87-4AEE-ADB5-31C3DB83CCC8}.Release|Any CPU.Build.0 = Release|Any CPU
		{D22363F1-4FA9-462E-9468-435091CFAF14}.Debug|Any CPU.ActiveCfg = Debug|Any CPU
		{D22363F1-4FA9-462E-9468-435091CFAF14}.Debug|Any CPU.Build.0 = Debug|Any CPU
		{D22363F1-4FA9-462E-9468-435091CFAF14}.Release|Any CPU.ActiveCfg = Release|Any CPU
		{D22363F1-4FA9-462E-9468-435091CFAF14}.Release|Any CPU.Build.0 = Release|Any CPU
		{CC792116-F9E9-4FC3-AC65-5A61BCED927A}.Debug|Any CPU.ActiveCfg = Debug|Any CPU
		{CC792116-F9E9-4FC3-AC65-5A61BCED927A}.Debug|Any CPU.Build.0 = Debug|Any CPU
		{CC792116-F9E9-4FC3-AC65-5A61BCED927A}.Release|Any CPU.ActiveCfg = Release|Any CPU
		{CC792116-F9E9-4FC3-AC65-5A61BCED927A}.Release|Any CPU.Build.0 = Release|Any CPU
	EndGlobalSection
	GlobalSection(SolutionProperties) = preSolution
		HideSolutionNode = FALSE
	EndGlobalSection
	GlobalSection(ExtensibilityGlobals) = postSolution
		SolutionGuid = {290F85B0-9809-417E-9BE6-247D1A653B32}
	EndGlobalSection
EndGlobal
